
Microsoft Visual Studio Solution File, Format Version 12.00
# Visual Studio 15
Project("{FAE04EC0-301F-11D3-BF4B-00C04F79EFBC}") = "Assembly-CSharp", "Assembly-CSharp.csproj", "{C9BF1B35-F227-3D44-8F46-E5344E0D236F}"
EndProject
Project("{FAE04EC0-301F-11D3-BF4B-00C04F79EFBC}") = "Assembly-CSharp-Editor", "Assembly-CSharp-Editor.csproj", "{F4AC4EF2-D565-2359-7366-8868D544592A}"
EndProject
Global
	GlobalSection(SolutionConfigurationPlatforms) = preSolution
		Debug|Any CPU = Debug|Any CPU
		Release|Any CPU = Release|Any CPU
	EndGlobalSection
	GlobalSection(ProjectConfigurationPlatforms) = postSolution
		{C9BF1B35-F227-3D44-8F46-E5344E0D236F}.Debug|Any CPU.ActiveCfg = Debug|Any CPU
		{C9BF1B35-F227-3D44-8F46-E5344E0D236F}.Debug|Any CPU.Build.0 = Debug|Any CPU
		{C9BF1B35-F227-3D44-8F46-E5344E0D236F}.Release|Any CPU.ActiveCfg = Release|Any CPU
		{C9BF1B35-F227-3D44-8F46-E5344E0D236F}.Release|Any CPU.Build.0 = Release|Any CPU
		{F4AC4EF2-D565-2359-7366-8868D544592A}.Debug|Any CPU.ActiveCfg = Debug|Any CPU
		{F4AC4EF2-D565-2359-7366-8868D544592A}.Debug|Any CPU.Build.0 = Debug|Any CPU
		{F4AC4EF2-D565-2359-7366-8868D544592A}.Release|Any CPU.ActiveCfg = Release|Any CPU
		{F4AC4EF2-D565-2359-7366-8868D544592A}.Release|Any CPU.Build.0 = Release|Any CPU
	EndGlobalSection
	GlobalSection(SolutionProperties) = preSolution
		HideSolutionNode = FALSE
	EndGlobalSection
EndGlobal
